
Microsoft Visual Studio Solution File, Format Version 12.00
# Visual Studio Version 17
VisualStudioVersion = 17.5.33516.290
MinimumVisualStudioVersion = 10.0.40219.1
Project("{FAE04EC0-301F-11D3-BF4B-00C04F79EFBC}") = "WpfApp1", "WpfApp1\WpfApp1.csproj", "{CBB59B97-FE42-4902-A2E3-DEC5E495F076}"
EndProject
Global
	GlobalSection(SolutionConfigurationPlatforms) = preSolution
		Debug|Any CPU = Debug|Any CPU
		Release|Any CPU = Release|Any CPU
	EndGlobalSection
	GlobalSection(ProjectConfigurationPlatforms) = postSolution
		{CBB59B97-FE42-4902-A2E3-DEC5E495F076}.Debug|Any CPU.ActiveCfg = Debug|Any CPU
		{CBB59B97-FE42-4902-A2E3-DEC5E495F076}.Debug|Any CPU.Build.0 = Debug|Any CPU
		{CBB59B97-FE42-4902-A2E3-DEC5E495F076}.Release|Any CPU.ActiveCfg = Release|Any CPU
		{CBB59B97-FE42-4902-A2E3-DEC5E495F076}.Release|Any CPU.Build.0 = Release|Any CPU
	EndGlobalSection
	GlobalSection(SolutionProperties) = preSolution
		HideSolutionNode = FALSE
	EndGlobalSection
	GlobalSection(ExtensibilityGlobals) = postSolution
		SolutionGuid = {1D11C6E9-B7DE-40D9-87EF-98BF53D6C006}
	EndGlobalSection
EndGlobal
